<?xml version="1.0" encoding="utf-8"?>
<Project ToolsVersion="4.0" xmlns="http://schemas.microsoft.com/developer/msbuild/2003">
  <ItemGroup>
    <Filter Include="Source Files">
      <UniqueIdentifier>{4FC737F1-C7A5-4376-A066-2A32D752A2FF}</UniqueIdentifier>
      <Extensions>cpp;c;cc;cxx;c++;cppm;ixx;def;odl;idl;hpj;bat;asm;asmx</Extensions>
    </Filter>
    <Filter Include="Header Files">
      <UniqueIdentifier>{93995380-89BD-4b04-88EB-625FBE52EBFB}</UniqueIdentifier>
      <Extensions>h;hh;hpp;hxx;h++;hm;inl;inc;ipp;xsd</Extensions>
    </Filter>
    <Filter Include="Resource Files">
      <UniqueIdentifier>{67DA6AB6-F800-4c08-8B7A-83BB121AAD01}</UniqueIdentifier>
      <Extensions>rc;ico;cur;bmp;dlg;rc2;rct;bin;rgs;gif;jpg;jpeg;jpe;resx;tiff;tif;png;wav;mfcribbon-ms</Extensions>
    </Filter>
  </ItemGroup>
  <ItemGroup>
    <ClCompile Include="main.cxx">
      <Filter>Source Files</Filter>
    </ClCompile>
    <ClCompile Include="game\imgui\imgui.cpp">
      <Filter>Source Files</Filter>
    </ClCompile>
    <ClCompile Include="game\imgui\imgui_demo.cpp">
      <Filter>Source Files</Filter>
    </ClCompile>
    <ClCompile Include="game\imgui\imgui_draw.cpp">
      <Filter>Source Files</Filter>
    </ClCompile>
    <ClCompile Include="game\imgui\imgui_tables.cpp">
      <Filter>Source Files</Filter>
    </ClCompile>
    <ClCompile Include="game\imgui\imgui_widgets.cpp">
      <Filter>Source Files</Filter>
    </ClCompile>
    <ClCompile Include="game\gui.cpp">
      <Filter>Source Files</Filter>
    </ClCompile>
    <ClCompile Include="backend\imgui_impl_dx11.cpp">
      <Filter>Source Files</Filter>
    </ClCompile>
    <ClCompile Include="backend\imgui_impl_win32.cpp">
      <Filter>Source Files</Filter>
    </ClCompile>
    <ClCompile Include="game\memory\mapper\intel_driver.cpp">
      <Filter>Source Files</Filter>
    </ClCompile>
    <ClCompile Include="game\memory\mapper\mapper.cpp">
      <Filter>Source Files</Filter>
    </ClCompile>
    <ClCompile Include="game\memory\mapper\portable_executable.cpp">
      <Filter>Source Files</Filter>
    </ClCompile>
    <ClCompile Include="game\memory\mapper\service.cpp">
      <Filter>Source Files</Filter>
    </ClCompile>
    <ClCompile Include="game\memory\mapper\utils.cpp">
      <Filter>Source Files</Filter>
    </ClCompile>
    <ClCompile Include="framework\etc_element.cpp">
      <Filter>Source Files</Filter>
    </ClCompile>
    <ClCompile Include="game\render.cxx">
      <Filter>Source Files</Filter>
    </ClCompile>
    <ClCompile Include="game\aimbot\interception.c">
      <Filter>Source Files</Filter>
    </ClCompile>
    <ClCompile Include="game\aimbot\Callbackspoofer.cpp">
      <Filter>Source Files</Filter>
    </ClCompile>
  </ItemGroup>
  <ItemGroup>
    <ClInclude Include="crypt.hxx">
      <Filter>Header Files</Filter>
    </ClInclude>
    <ClInclude Include="game\settings.hxx">
      <Filter>Header Files</Filter>
    </ClInclude>
    <ClInclude Include="game\render.hxx">
      <Filter>Header Files</Filter>
    </ClInclude>
    <ClInclude Include="game\imgui\imconfig.h">
      <Filter>Header Files</Filter>
    </ClInclude>
    <ClInclude Include="game\imgui\imgui.h">
      <Filter>Header Files</Filter>
    </ClInclude>
    <ClInclude Include="game\imgui\imgui_internal.h">
      <Filter>Header Files</Filter>
    </ClInclude>
    <ClInclude Include="game\imgui\imstb_rectpack.h">
      <Filter>Header Files</Filter>
    </ClInclude>
    <ClInclude Include="game\imgui\imstb_textedit.h">
      <Filter>Header Files</Filter>
    </ClInclude>
    <ClInclude Include="game\imgui\imstb_truetype.h">
      <Filter>Header Files</Filter>
    </ClInclude>
    <ClInclude Include="game\variables.h">
      <Filter>Header Files</Filter>
    </ClInclude>
    <ClInclude Include="game\gui.h">
      <Filter>Header Files</Filter>
    </ClInclude>
    <ClInclude Include="backend\imgui_impl_dx11.h">
      <Filter>Header Files</Filter>
    </ClInclude>
    <ClInclude Include="backend\imgui_impl_win32.h">
      <Filter>Header Files</Filter>
    </ClInclude>
    <ClInclude Include="game\memory\mapper\drv.h">
      <Filter>Header Files</Filter>
    </ClInclude>
    <ClInclude Include="game\memory\mapper\intel_driver.hpp">
      <Filter>Header Files</Filter>
    </ClInclude>
    <ClInclude Include="game\memory\mapper\intel_driver_resource.hpp">
      <Filter>Header Files</Filter>
    </ClInclude>
    <ClInclude Include="game\memory\mapper\mapper.hpp">
      <Filter>Header Files</Filter>
    </ClInclude>
    <ClInclude Include="game\memory\mapper\nt.hpp">
      <Filter>Header Files</Filter>
    </ClInclude>
    <ClInclude Include="game\memory\mapper\portable_executable.hpp">
      <Filter>Header Files</Filter>
    </ClInclude>
    <ClInclude Include="game\memory\mapper\service.hpp">
      <Filter>Header Files</Filter>
    </ClInclude>
    <ClInclude Include="game\memory\mapper\utils.hpp">
      <Filter>Header Files</Filter>
    </ClInclude>
    <ClInclude Include="game\memory\driver.h">
      <Filter>Header Files</Filter>
    </ClInclude>
    <ClInclude Include="framework\etc_element.h">
      <Filter>Header Files</Filter>
    </ClInclude>
    <ClInclude Include="framework\Font.h">
      <Filter>Header Files</Filter>
    </ClInclude>
    <ClInclude Include="framework\images.h">
      <Filter>Header Files</Filter>
    </ClInclude>
    <ClInclude Include="includes.h">
      <Filter>Header Files</Filter>
    </ClInclude>
    <ClInclude Include="game\xorstr.h">
      <Filter>Header Files</Filter>
    </ClInclude>
    <ClInclude Include="game\utils.h">
      <Filter>Header Files</Filter>
    </ClInclude>
    <ClInclude Include="game\sdk\sdk.h">
      <Filter>Header Files</Filter>
    </ClInclude>
    <ClInclude Include="game\sdk\functions.h">
      <Filter>Header Files</Filter>
    </ClInclude>
    <ClInclude Include="game\sdk\camera.h">
      <Filter>Header Files</Filter>
    </ClInclude>
    <ClInclude Include="game\offsets.h">
      <Filter>Header Files</Filter>
    </ClInclude>
    <ClInclude Include="game\aimbot\interception.h">
      <Filter>Header Files</Filter>
    </ClInclude>
    <ClInclude Include="game\aimbot\aimbot.hpp">
      <Filter>Header Files</Filter>
    </ClInclude>
    <ClInclude Include="game\aimbot\aimbot.h">
      <Filter>Header Files</Filter>
    </ClInclude>
    <ClInclude Include="game\cache\actorloop.h">
      <Filter>Header Files</Filter>
    </ClInclude>
    <ClInclude Include="game\special.h">
      <Filter>Header Files</Filter>
    </ClInclude>
    <ClInclude Include="stdafx.h">
      <Filter>Header Files</Filter>
    </ClInclude>
    <ClInclude Include="auth.h">
      <Filter>Header Files</Filter>
    </ClInclude>
    <ClInclude Include="game\aimbot\Callbackspoofer.h">
      <Filter>Header Files</Filter>
    </ClInclude>
  </ItemGroup>
  <ItemGroup>
    <Library Include="library_x64.lib" />
  </ItemGroup>
</Project>